
Microsoft Visual Studio Solution File, Format Version 12.00
# Visual Studio 14
VisualStudioVersion = 14.0.24720.0
MinimumVisualStudioVersion = 10.0.40219.1
Project("{FAE04EC0-301F-11D3-BF4B-00C04F79EFBC}") = "DroneController", "DroneController\DroneController.csproj", "{FDA3B1BA-7CB4-4536-B2BD-F3411ABE3A56}"
EndProject
Project("{FAE04EC0-301F-11D3-BF4B-00C04F79EFBC}") = "DataAccessLibrary", "DataAccessLibrary\DataAccessLibrary.csproj", "{26443762-30E5-4720-B26D-2B831A7A8219}"
EndProject
Project("{FAE04EC0-301F-11D3-BF4B-00C04F79EFBC}") = "MAVLink", "Mavlink\MAVLink.csproj", "{20296734-5F3C-4593-A0D5-DD20B440B13A}"
EndProject
Project("{FAE04EC0-301F-11D3-BF4B-00C04F79EFBC}") = "DroneConnection", "DroneConnection\DroneConnection.csproj", "{279F99CC-960C-4145-9E7C-28E52E71DE5B}"
EndProject
Project("{FAE04EC0-301F-11D3-BF4B-00C04F79EFBC}") = "DroneManager", "DroneManager\DroneManager.csproj", "{FD29626E-9F38-4FD4-9EB1-0131D656D4FA}"
EndProject
Project("{FAE04EC0-301F-11D3-BF4B-00C04F79EFBC}") = "DBupConsole", "DBupConsole\DBupConsole.csproj", "{40E1C685-7391-439E-B032-618B2CA53639}"
EndProject
Global
	GlobalSection(SolutionConfigurationPlatforms) = preSolution
		Debug|Any CPU = Debug|Any CPU
		Release|Any CPU = Release|Any CPU
	EndGlobalSection
	GlobalSection(ProjectConfigurationPlatforms) = postSolution
		{FDA3B1BA-7CB4-4536-B2BD-F3411ABE3A56}.Debug|Any CPU.ActiveCfg = Debug|Any CPU
		{FDA3B1BA-7CB4-4536-B2BD-F3411ABE3A56}.Debug|Any CPU.Build.0 = Debug|Any CPU
		{FDA3B1BA-7CB4-4536-B2BD-F3411ABE3A56}.Release|Any CPU.ActiveCfg = Release|Any CPU
		{FDA3B1BA-7CB4-4536-B2BD-F3411ABE3A56}.Release|Any CPU.Build.0 = Release|Any CPU
		{26443762-30E5-4720-B26D-2B831A7A8219}.Debug|Any CPU.ActiveCfg = Debug|Any CPU
		{26443762-30E5-4720-B26D-2B831A7A8219}.Debug|Any CPU.Build.0 = Debug|Any CPU
		{26443762-30E5-4720-B26D-2B831A7A8219}.Release|Any CPU.ActiveCfg = Release|Any CPU
		{26443762-30E5-4720-B26D-2B831A7A8219}.Release|Any CPU.Build.0 = Release|Any CPU
		{20296734-5F3C-4593-A0D5-DD20B440B13A}.Debug|Any CPU.ActiveCfg = Debug|Any CPU
		{20296734-5F3C-4593-A0D5-DD20B440B13A}.Debug|Any CPU.Build.0 = Debug|Any CPU
		{20296734-5F3C-4593-A0D5-DD20B440B13A}.Release|Any CPU.ActiveCfg = Release|Any CPU
		{20296734-5F3C-4593-A0D5-DD20B440B13A}.Release|Any CPU.Build.0 = Release|Any CPU
		{279F99CC-960C-4145-9E7C-28E52E71DE5B}.Debug|Any CPU.ActiveCfg = Debug|Any CPU
		{279F99CC-960C-4145-9E7C-28E52E71DE5B}.Debug|Any CPU.Build.0 = Debug|Any CPU
		{279F99CC-960C-4145-9E7C-28E52E71DE5B}.Release|Any CPU.ActiveCfg = Release|Any CPU
		{279F99CC-960C-4145-9E7C-28E52E71DE5B}.Release|Any CPU.Build.0 = Release|Any CPU
		{FD29626E-9F38-4FD4-9EB1-0131D656D4FA}.Debug|Any CPU.ActiveCfg = Debug|Any CPU
		{FD29626E-9F38-4FD4-9EB1-0131D656D4FA}.Debug|Any CPU.Build.0 = Debug|Any CPU
		{FD29626E-9F38-4FD4-9EB1-0131D656D4FA}.Release|Any CPU.ActiveCfg = Release|Any CPU
		{FD29626E-9F38-4FD4-9EB1-0131D656D4FA}.Release|Any CPU.Build.0 = Release|Any CPU
		{40E1C685-7391-439E-B032-618B2CA53639}.Debug|Any CPU.ActiveCfg = Debug|Any CPU
		{40E1C685-7391-439E-B032-618B2CA53639}.Debug|Any CPU.Build.0 = Debug|Any CPU
		{40E1C685-7391-439E-B032-618B2CA53639}.Release|Any CPU.ActiveCfg = Release|Any CPU
		{40E1C685-7391-439E-B032-618B2CA53639}.Release|Any CPU.Build.0 = Release|Any CPU
	EndGlobalSection
	GlobalSection(SolutionProperties) = preSolution
		HideSolutionNode = FALSE
	EndGlobalSection
EndGlobal
