
Microsoft Visual Studio Solution File, Format Version 12.00
# Visual Studio 14
VisualStudioVersion = 14.0.24720.0
MinimumVisualStudioVersion = 10.0.40219.1
Project("{FAE04EC0-301F-11D3-BF4B-00C04F79EFBC}") = "DroneController", "DroneController\DroneController.csproj", "{FDA3B1BA-7CB4-4536-B2BD-F3411ABE3A56}"
EndProject
Project("{FAE04EC0-301F-11D3-BF4B-00C04F79EFBC}") = "MAVLink", "Mavlink\MAVLink.csproj", "{20296734-5F3C-4593-A0D5-DD20B440B13A}"
EndProject
Project("{FAE04EC0-301F-11D3-BF4B-00C04F79EFBC}") = "DroneConnection", "DroneConnection\DroneConnection.csproj", "{279F99CC-960C-4145-9E7C-28E52E71DE5B}"
EndProject
Project("{FAE04EC0-301F-11D3-BF4B-00C04F79EFBC}") = "DroneManager", "DroneManager\DroneManager.csproj", "{FD29626E-9F38-4FD4-9EB1-0131D656D4FA}"
EndProject
Project("{FAE04EC0-301F-11D3-BF4B-00C04F79EFBC}") = "Tests", "Tests\Tests.csproj", "{DC5262F4-A3C0-4EDA-B141-9103A08715EE}"
EndProject
Project("{FAE04EC0-301F-11D3-BF4B-00C04F79EFBC}") = "Utilities", "Utilities\Utilities.csproj", "{23124535-E558-45C3-B5E0-C2C35D50F9A6}"
EndProject
Project("{FAE04EC0-301F-11D3-BF4B-00C04F79EFBC}") = "DroneParameterReference", "DroneParameterReference\DroneParameterReference.csproj", "{49516657-7CD4-4327-BBB5-2B7FCD23387E}"
EndProject
Project("{FAE04EC0-301F-11D3-BF4B-00C04F79EFBC}") = "DataTransferObjects", "DataTransferObjects\DataTransferObjects.csproj", "{299FFC76-5896-49CA-8D0F-12690DF76762}"
EndProject
Global
	GlobalSection(SolutionConfigurationPlatforms) = preSolution
		Debug|Any CPU = Debug|Any CPU
		Release|Any CPU = Release|Any CPU
	EndGlobalSection
	GlobalSection(ProjectConfigurationPlatforms) = postSolution
		{FDA3B1BA-7CB4-4536-B2BD-F3411ABE3A56}.Debug|Any CPU.ActiveCfg = Debug|Any CPU
		{FDA3B1BA-7CB4-4536-B2BD-F3411ABE3A56}.Debug|Any CPU.Build.0 = Debug|Any CPU
		{FDA3B1BA-7CB4-4536-B2BD-F3411ABE3A56}.Release|Any CPU.ActiveCfg = Release|Any CPU
		{FDA3B1BA-7CB4-4536-B2BD-F3411ABE3A56}.Release|Any CPU.Build.0 = Release|Any CPU
		{20296734-5F3C-4593-A0D5-DD20B440B13A}.Debug|Any CPU.ActiveCfg = Debug|Any CPU
		{20296734-5F3C-4593-A0D5-DD20B440B13A}.Debug|Any CPU.Build.0 = Debug|Any CPU
		{20296734-5F3C-4593-A0D5-DD20B440B13A}.Release|Any CPU.ActiveCfg = Release|Any CPU
		{20296734-5F3C-4593-A0D5-DD20B440B13A}.Release|Any CPU.Build.0 = Release|Any CPU
		{279F99CC-960C-4145-9E7C-28E52E71DE5B}.Debug|Any CPU.ActiveCfg = Debug|Any CPU
		{279F99CC-960C-4145-9E7C-28E52E71DE5B}.Debug|Any CPU.Build.0 = Debug|Any CPU
		{279F99CC-960C-4145-9E7C-28E52E71DE5B}.Release|Any CPU.ActiveCfg = Release|Any CPU
		{279F99CC-960C-4145-9E7C-28E52E71DE5B}.Release|Any CPU.Build.0 = Release|Any CPU
		{FD29626E-9F38-4FD4-9EB1-0131D656D4FA}.Debug|Any CPU.ActiveCfg = Debug|Any CPU
		{FD29626E-9F38-4FD4-9EB1-0131D656D4FA}.Debug|Any CPU.Build.0 = Debug|Any CPU
		{FD29626E-9F38-4FD4-9EB1-0131D656D4FA}.Release|Any CPU.ActiveCfg = Release|Any CPU
		{FD29626E-9F38-4FD4-9EB1-0131D656D4FA}.Release|Any CPU.Build.0 = Release|Any CPU
		{DC5262F4-A3C0-4EDA-B141-9103A08715EE}.Debug|Any CPU.ActiveCfg = Debug|Any CPU
		{DC5262F4-A3C0-4EDA-B141-9103A08715EE}.Debug|Any CPU.Build.0 = Debug|Any CPU
		{DC5262F4-A3C0-4EDA-B141-9103A08715EE}.Release|Any CPU.ActiveCfg = Release|Any CPU
		{DC5262F4-A3C0-4EDA-B141-9103A08715EE}.Release|Any CPU.Build.0 = Release|Any CPU
		{23124535-E558-45C3-B5E0-C2C35D50F9A6}.Debug|Any CPU.ActiveCfg = Debug|Any CPU
		{23124535-E558-45C3-B5E0-C2C35D50F9A6}.Debug|Any CPU.Build.0 = Debug|Any CPU
		{23124535-E558-45C3-B5E0-C2C35D50F9A6}.Release|Any CPU.ActiveCfg = Release|Any CPU
		{23124535-E558-45C3-B5E0-C2C35D50F9A6}.Release|Any CPU.Build.0 = Release|Any CPU
		{49516657-7CD4-4327-BBB5-2B7FCD23387E}.Debug|Any CPU.ActiveCfg = Debug|Any CPU
		{49516657-7CD4-4327-BBB5-2B7FCD23387E}.Debug|Any CPU.Build.0 = Debug|Any CPU
		{49516657-7CD4-4327-BBB5-2B7FCD23387E}.Release|Any CPU.ActiveCfg = Release|Any CPU
		{49516657-7CD4-4327-BBB5-2B7FCD23387E}.Release|Any CPU.Build.0 = Release|Any CPU
		{299FFC76-5896-49CA-8D0F-12690DF76762}.Debug|Any CPU.ActiveCfg = Debug|Any CPU
		{299FFC76-5896-49CA-8D0F-12690DF76762}.Debug|Any CPU.Build.0 = Debug|Any CPU
		{299FFC76-5896-49CA-8D0F-12690DF76762}.Release|Any CPU.ActiveCfg = Release|Any CPU
		{299FFC76-5896-49CA-8D0F-12690DF76762}.Release|Any CPU.Build.0 = Release|Any CPU
	EndGlobalSection
	GlobalSection(SolutionProperties) = preSolution
		HideSolutionNode = FALSE
	EndGlobalSection
EndGlobal
